// !$*UTF8*$!
{
	archiveVersion = 1;
	classes = {
	};
	objectVersion = 56;
	objects = {

/* Begin PBXBuildFile section */
		77BAA8452944B510002DEAF4 /* AppDelegate.swift in Sources */ = {isa = PBXBuildFile; fileRef = 77BAA8442944B510002DEAF4 /* AppDelegate.swift */; };
		77BAA8472944B510002DEAF4 /* SceneDelegate.swift in Sources */ = {isa = PBXBuildFile; fileRef = 77BAA8462944B510002DEAF4 /* SceneDelegate.swift */; };
		77BAA8492944B510002DEAF4 /* ViewController.swift in Sources */ = {isa = PBXBuildFile; fileRef = 77BAA8482944B510002DEAF4 /* ViewController.swift */; };
		77BAA84E2944B511002DEAF4 /* Assets.xcassets in Resources */ = {isa = PBXBuildFile; fileRef = 77BAA84D2944B511002DEAF4 /* Assets.xcassets */; };
		77BAA8512944B511002DEAF4 /* LaunchScreen.storyboard in Resources */ = {isa = PBXBuildFile; fileRef = 77BAA84F2944B511002DEAF4 /* LaunchScreen.storyboard */; };
		77BAA8592944B527002DEAF4 /* movies.json in Resources */ = {isa = PBXBuildFile; fileRef = 77BAA8582944B527002DEAF4 /* movies.json */; };
		77BAA8752944B532002DEAF4 /* arrival-small.jpg in Resources */ = {isa = PBXBuildFile; fileRef = 77BAA85B2944B532002DEAF4 /* arrival-small.jpg */; };
		77BAA8762944B532002DEAF4 /* civilwar-wide.jpg in Resources */ = {isa = PBXBuildFile; fileRef = 77BAA85C2944B532002DEAF4 /* civilwar-wide.jpg */; };
		77BAA8772944B532002DEAF4 /* kongskull-small.jpg in Resources */ = {isa = PBXBuildFile; fileRef = 77BAA85D2944B532002DEAF4 /* kongskull-small.jpg */; };
		77BAA8782944B532002DEAF4 /* deadpool-small.jpg in Resources */ = {isa = PBXBuildFile; fileRef = 77BAA85E2944B532002DEAF4 /* deadpool-small.jpg */; };
		77BAA8792944B532002DEAF4 /* suicidesquad-wide.jpg in Resources */ = {isa = PBXBuildFile; fileRef = 77BAA85F2944B532002DEAF4 /* suicidesquad-wide.jpg */; };
		77BAA87A2944B532002DEAF4 /* kongskull-wide.jpg in Resources */ = {isa = PBXBuildFile; fileRef = 77BAA8602944B532002DEAF4 /* kongskull-wide.jpg */; };
		77BAA87B2944B532002DEAF4 /* doctorstrange-small.jpg in Resources */ = {isa = PBXBuildFile; fileRef = 77BAA8612944B532002DEAF4 /* doctorstrange-small.jpg */; };
		77BAA87C2944B532002DEAF4 /* rogueone-small.jpg in Resources */ = {isa = PBXBuildFile; fileRef = 77BAA8622944B532002DEAF4 /* rogueone-small.jpg */; };
		77BAA87D2944B532002DEAF4 /* civilwar-small.jpg in Resources */ = {isa = PBXBuildFile; fileRef = 77BAA8632944B532002DEAF4 /* civilwar-small.jpg */; };
		77BAA87E2944B532002DEAF4 /* logan-small.jpg in Resources */ = {isa = PBXBuildFile; fileRef = 77BAA8642944B532002DEAF4 /* logan-small.jpg */; };
		77BAA87F2944B532002DEAF4 /* avengersultron-wide.jpg in Resources */ = {isa = PBXBuildFile; fileRef = 77BAA8652944B532002DEAF4 /* avengersultron-wide.jpg */; };
		77BAA8802944B532002DEAF4 /* legobatman-small.jpg in Resources */ = {isa = PBXBuildFile; fileRef = 77BAA8662944B532002DEAF4 /* legobatman-small.jpg */; };
		77BAA8812944B532002DEAF4 /* madmax-wide.jpg in Resources */ = {isa = PBXBuildFile; fileRef = 77BAA8672944B532002DEAF4 /* madmax-wide.jpg */; };
		77BAA8822944B532002DEAF4 /* avengersultron-small.jpg in Resources */ = {isa = PBXBuildFile; fileRef = 77BAA8682944B532002DEAF4 /* avengersultron-small.jpg */; };
		77BAA8832944B532002DEAF4 /* batmanvsuperman-wide.jpg in Resources */ = {isa = PBXBuildFile; fileRef = 77BAA8692944B532002DEAF4 /* batmanvsuperman-wide.jpg */; };
		77BAA8842944B532002DEAF4 /* legobatman-wide.jpg in Resources */ = {isa = PBXBuildFile; fileRef = 77BAA86A2944B532002DEAF4 /* legobatman-wide.jpg */; };
		77BAA8852944B532002DEAF4 /* sully-wide.jpg in Resources */ = {isa = PBXBuildFile; fileRef = 77BAA86B2944B532002DEAF4 /* sully-wide.jpg */; };
		77BAA8862944B532002DEAF4 /* deadpool-wide.jpg in Resources */ = {isa = PBXBuildFile; fileRef = 77BAA86C2944B532002DEAF4 /* deadpool-wide.jpg */; };
		77BAA8872944B532002DEAF4 /* doctorstrange-wide.jpg in Resources */ = {isa = PBXBuildFile; fileRef = 77BAA86D2944B532002DEAF4 /* doctorstrange-wide.jpg */; };
		77BAA8882944B532002DEAF4 /* sully-small.jpg in Resources */ = {isa = PBXBuildFile; fileRef = 77BAA86E2944B532002DEAF4 /* sully-small.jpg */; };
		77BAA8892944B532002DEAF4 /* rogueone-wide.jpg in Resources */ = {isa = PBXBuildFile; fileRef = 77BAA86F2944B532002DEAF4 /* rogueone-wide.jpg */; };
		77BAA88A2944B532002DEAF4 /* arrival-wide.jpg in Resources */ = {isa = PBXBuildFile; fileRef = 77BAA8702944B532002DEAF4 /* arrival-wide.jpg */; };
		77BAA88B2944B532002DEAF4 /* madmax-small.jpg in Resources */ = {isa = PBXBuildFile; fileRef = 77BAA8712944B532002DEAF4 /* madmax-small.jpg */; };
		77BAA88C2944B532002DEAF4 /* suicidesquad-small.jpg in Resources */ = {isa = PBXBuildFile; fileRef = 77BAA8722944B532002DEAF4 /* suicidesquad-small.jpg */; };
		77BAA88D2944B532002DEAF4 /* logan-wide.jpg in Resources */ = {isa = PBXBuildFile; fileRef = 77BAA8732944B532002DEAF4 /* logan-wide.jpg */; };
		77BAA88E2944B532002DEAF4 /* batmanvsuperman-small.jpg in Resources */ = {isa = PBXBuildFile; fileRef = 77BAA8742944B532002DEAF4 /* batmanvsuperman-small.jpg */; };
		77BAA8902944D38A002DEAF4 /* MoviesTableViewController.swift in Sources */ = {isa = PBXBuildFile; fileRef = 77BAA88F2944D38A002DEAF4 /* MoviesTableViewController.swift */; };
		77BAA8922944D3AA002DEAF4 /* Movie.swift in Sources */ = {isa = PBXBuildFile; fileRef = 77BAA8912944D3AA002DEAF4 /* Movie.swift */; };
		77BAA8942944D99B002DEAF4 /* MovieTableViewCell.swift in Sources */ = {isa = PBXBuildFile; fileRef = 77BAA8932944D99B002DEAF4 /* MovieTableViewCell.swift */; };
		77BAA8F92944F247002DEAF4 /* Main.storyboard in Resources */ = {isa = PBXBuildFile; fileRef = 77BAA8F82944F247002DEAF4 /* Main.storyboard */; };
/* End PBXBuildFile section */

/* Begin PBXFileReference section */
		77BAA8412944B510002DEAF4 /* BasicMoviesApp.app */ = {isa = PBXFileReference; explicitFileType = wrapper.application; includeInIndex = 0; path = BasicMoviesApp.app; sourceTree = BUILT_PRODUCTS_DIR; };
		77BAA8442944B510002DEAF4 /* AppDelegate.swift */ = {isa = PBXFileReference; lastKnownFileType = sourcecode.swift; path = AppDelegate.swift; sourceTree = "<group>"; };
		77BAA8462944B510002DEAF4 /* SceneDelegate.swift */ = {isa = PBXFileReference; lastKnownFileType = sourcecode.swift; path = SceneDelegate.swift; sourceTree = "<group>"; };
		77BAA8482944B510002DEAF4 /* ViewController.swift */ = {isa = PBXFileReference; lastKnownFileType = sourcecode.swift; path = ViewController.swift; sourceTree = "<group>"; };
		77BAA84D2944B511002DEAF4 /* Assets.xcassets */ = {isa = PBXFileReference; lastKnownFileType = folder.assetcatalog; path = Assets.xcassets; sourceTree = "<group>"; };
		77BAA8502944B511002DEAF4 /* Base */ = {isa = PBXFileReference; lastKnownFileType = file.storyboard; name = Base; path = Base.lproj/LaunchScreen.storyboard; sourceTree = "<group>"; };
		77BAA8522944B511002DEAF4 /* Info.plist */ = {isa = PBXFileReference; lastKnownFileType = text.plist.xml; path = Info.plist; sourceTree = "<group>"; };
		77BAA8582944B527002DEAF4 /* movies.json */ = {isa = PBXFileReference; fileEncoding = 4; lastKnownFileType = text.json; path = movies.json; sourceTree = "<group>"; };
		77BAA85B2944B532002DEAF4 /* arrival-small.jpg */ = {isa = PBXFileReference; lastKnownFileType = image.jpeg; path = "arrival-small.jpg"; sourceTree = "<group>"; };
		77BAA85C2944B532002DEAF4 /* civilwar-wide.jpg */ = {isa = PBXFileReference; lastKnownFileType = image.jpeg; path = "civilwar-wide.jpg"; sourceTree = "<group>"; };
		77BAA85D2944B532002DEAF4 /* kongskull-small.jpg */ = {isa = PBXFileReference; lastKnownFileType = image.jpeg; path = "kongskull-small.jpg"; sourceTree = "<group>"; };
		77BAA85E2944B532002DEAF4 /* deadpool-small.jpg */ = {isa = PBXFileReference; lastKnownFileType = image.jpeg; path = "deadpool-small.jpg"; sourceTree = "<group>"; };
		77BAA85F2944B532002DEAF4 /* suicidesquad-wide.jpg */ = {isa = PBXFileReference; lastKnownFileType = image.jpeg; path = "suicidesquad-wide.jpg"; sourceTree = "<group>"; };
		77BAA8602944B532002DEAF4 /* kongskull-wide.jpg */ = {isa = PBXFileReference; lastKnownFileType = image.jpeg; path = "kongskull-wide.jpg"; sourceTree = "<group>"; };
		77BAA8612944B532002DEAF4 /* doctorstrange-small.jpg */ = {isa = PBXFileReference; lastKnownFileType = image.jpeg; path = "doctorstrange-small.jpg"; sourceTree = "<group>"; };
		77BAA8622944B532002DEAF4 /* rogueone-small.jpg */ = {isa = PBXFileReference; lastKnownFileType = image.jpeg; path = "rogueone-small.jpg"; sourceTree = "<group>"; };
		77BAA8632944B532002DEAF4 /* civilwar-small.jpg */ = {isa = PBXFileReference; lastKnownFileType = image.jpeg; path = "civilwar-small.jpg"; sourceTree = "<group>"; };
		77BAA8642944B532002DEAF4 /* logan-small.jpg */ = {isa = PBXFileReference; lastKnownFileType = image.jpeg; path = "logan-small.jpg"; sourceTree = "<group>"; };
		77BAA8652944B532002DEAF4 /* avengersultron-wide.jpg */ = {isa = PBXFileReference; lastKnownFileType = image.jpeg; path = "avengersultron-wide.jpg"; sourceTree = "<group>"; };
		77BAA8662944B532002DEAF4 /* legobatman-small.jpg */ = {isa = PBXFileReference; lastKnownFileType = image.jpeg; path = "legobatman-small.jpg"; sourceTree = "<group>"; };
		77BAA8672944B532002DEAF4 /* madmax-wide.jpg */ = {isa = PBXFileReference; lastKnownFileType = image.jpeg; path = "madmax-wide.jpg"; sourceTree = "<group>"; };
		77BAA8682944B532002DEAF4 /* avengersultron-small.jpg */ = {isa = PBXFileReference; lastKnownFileType = image.jpeg; path = "avengersultron-small.jpg"; sourceTree = "<group>"; };
		77BAA8692944B532002DEAF4 /* batmanvsuperman-wide.jpg */ = {isa = PBXFileReference; lastKnownFileType = image.jpeg; path = "batmanvsuperman-wide.jpg"; sourceTree = "<group>"; };
		77BAA86A2944B532002DEAF4 /* legobatman-wide.jpg */ = {isa = PBXFileReference; lastKnownFileType = image.jpeg; path = "legobatman-wide.jpg"; sourceTree = "<group>"; };
		77BAA86B2944B532002DEAF4 /* sully-wide.jpg */ = {isa = PBXFileReference; lastKnownFileType = image.jpeg; path = "sully-wide.jpg"; sourceTree = "<group>"; };
		77BAA86C2944B532002DEAF4 /* deadpool-wide.jpg */ = {isa = PBXFileReference; lastKnownFileType = image.jpeg; path = "deadpool-wide.jpg"; sourceTree = "<group>"; };
		77BAA86D2944B532002DEAF4 /* doctorstrange-wide.jpg */ = {isa = PBXFileReference; lastKnownFileType = image.jpeg; path = "doctorstrange-wide.jpg"; sourceTree = "<group>"; };
		77BAA86E2944B532002DEAF4 /* sully-small.jpg */ = {isa = PBXFileReference; lastKnownFileType = image.jpeg; path = "sully-small.jpg"; sourceTree = "<group>"; };
		77BAA86F2944B532002DEAF4 /* rogueone-wide.jpg */ = {isa = PBXFileReference; lastKnownFileType = image.jpeg; path = "rogueone-wide.jpg"; sourceTree = "<group>"; };
		77BAA8702944B532002DEAF4 /* arrival-wide.jpg */ = {isa = PBXFileReference; lastKnownFileType = image.jpeg; path = "arrival-wide.jpg"; sourceTree = "<group>"; };
		77BAA8712944B532002DEAF4 /* madmax-small.jpg */ = {isa = PBXFileReference; lastKnownFileType = image.jpeg; path = "madmax-small.jpg"; sourceTree = "<group>"; };
		77BAA8722944B532002DEAF4 /* suicidesquad-small.jpg */ = {isa = PBXFileReference; lastKnownFileType = image.jpeg; path = "suicidesquad-small.jpg"; sourceTree = "<group>"; };
		77BAA8732944B532002DEAF4 /* logan-wide.jpg */ = {isa = PBXFileReference; lastKnownFileType = image.jpeg; path = "logan-wide.jpg"; sourceTree = "<group>"; };
		77BAA8742944B532002DEAF4 /* batmanvsuperman-small.jpg */ = {isa = PBXFileReference; lastKnownFileType = image.jpeg; path = "batmanvsuperman-small.jpg"; sourceTree = "<group>"; };
		77BAA88F2944D38A002DEAF4 /* MoviesTableViewController.swift */ = {isa = PBXFileReference; lastKnownFileType = sourcecode.swift; path = MoviesTableViewController.swift; sourceTree = "<group>"; };
		77BAA8912944D3AA002DEAF4 /* Movie.swift */ = {isa = PBXFileReference; lastKnownFileType = sourcecode.swift; path = Movie.swift; sourceTree = "<group>"; };
		77BAA8932944D99B002DEAF4 /* MovieTableViewCell.swift */ = {isa = PBXFileReference; lastKnownFileType = sourcecode.swift; path = MovieTableViewCell.swift; sourceTree = "<group>"; };
		77BAA8F82944F247002DEAF4 /* Main.storyboard */ = {isa = PBXFileReference; fileEncoding = 4; lastKnownFileType = file.storyboard; name = Main.storyboard; path = ../../../.Trash/Main.storyboard; sourceTree = "<group>"; };
/* End PBXFileReference section */

/* Begin PBXFrameworksBuildPhase section */
		77BAA83E2944B510002DEAF4 /* Frameworks */ = {
			isa = PBXFrameworksBuildPhase;
			buildActionMask = 2147483647;
			files = (
			);
			runOnlyForDeploymentPostprocessing = 0;
		};
/* End PBXFrameworksBuildPhase section */

/* Begin PBXGroup section */
		77BAA8382944B510002DEAF4 = {
			isa = PBXGroup;
			children = (
				77BAA8432944B510002DEAF4 /* BasicMoviesApp */,
				77BAA8422944B510002DEAF4 /* Products */,
			);
			sourceTree = "<group>";
		};
		77BAA8422944B510002DEAF4 /* Products */ = {
			isa = PBXGroup;
			children = (
				77BAA8412944B510002DEAF4 /* BasicMoviesApp.app */,
			);
			name = Products;
			sourceTree = "<group>";
		};
		77BAA8432944B510002DEAF4 /* BasicMoviesApp */ = {
			isa = PBXGroup;
			children = (
				77BAA8442944B510002DEAF4 /* AppDelegate.swift */,
				77BAA8462944B510002DEAF4 /* SceneDelegate.swift */,
				77BAA8482944B510002DEAF4 /* ViewController.swift */,
				77BAA8F82944F247002DEAF4 /* Main.storyboard */,
				77BAA84D2944B511002DEAF4 /* Assets.xcassets */,
				77BAA84F2944B511002DEAF4 /* LaunchScreen.storyboard */,
				77BAA8522944B511002DEAF4 /* Info.plist */,
				77BAA8582944B527002DEAF4 /* movies.json */,
				77BAA85A2944B532002DEAF4 /* Files */,
				77BAA88F2944D38A002DEAF4 /* MoviesTableViewController.swift */,
				77BAA8912944D3AA002DEAF4 /* Movie.swift */,
				77BAA8932944D99B002DEAF4 /* MovieTableViewCell.swift */,
			);
			path = BasicMoviesApp;
			sourceTree = "<group>";
		};
		77BAA85A2944B532002DEAF4 /* Files */ = {
			isa = PBXGroup;
			children = (
				77BAA85B2944B532002DEAF4 /* arrival-small.jpg */,
				77BAA85C2944B532002DEAF4 /* civilwar-wide.jpg */,
				77BAA85D2944B532002DEAF4 /* kongskull-small.jpg */,
				77BAA85E2944B532002DEAF4 /* deadpool-small.jpg */,
				77BAA85F2944B532002DEAF4 /* suicidesquad-wide.jpg */,
				77BAA8602944B532002DEAF4 /* kongskull-wide.jpg */,
				77BAA8612944B532002DEAF4 /* doctorstrange-small.jpg */,
				77BAA8622944B532002DEAF4 /* rogueone-small.jpg */,
				77BAA8632944B532002DEAF4 /* civilwar-small.jpg */,
				77BAA8642944B532002DEAF4 /* logan-small.jpg */,
				77BAA8652944B532002DEAF4 /* avengersultron-wide.jpg */,
				77BAA8662944B532002DEAF4 /* legobatman-small.jpg */,
				77BAA8672944B532002DEAF4 /* madmax-wide.jpg */,
				77BAA8682944B532002DEAF4 /* avengersultron-small.jpg */,
				77BAA8692944B532002DEAF4 /* batmanvsuperman-wide.jpg */,
				77BAA86A2944B532002DEAF4 /* legobatman-wide.jpg */,
				77BAA86B2944B532002DEAF4 /* sully-wide.jpg */,
				77BAA86C2944B532002DEAF4 /* deadpool-wide.jpg */,
				77BAA86D2944B532002DEAF4 /* doctorstrange-wide.jpg */,
				77BAA86E2944B532002DEAF4 /* sully-small.jpg */,
				77BAA86F2944B532002DEAF4 /* rogueone-wide.jpg */,
				77BAA8702944B532002DEAF4 /* arrival-wide.jpg */,
				77BAA8712944B532002DEAF4 /* madmax-small.jpg */,
				77BAA8722944B532002DEAF4 /* suicidesquad-small.jpg */,
				77BAA8732944B532002DEAF4 /* logan-wide.jpg */,
				77BAA8742944B532002DEAF4 /* batmanvsuperman-small.jpg */,
			);
			path = Files;
			sourceTree = "<group>";
		};
/* End PBXGroup section */

/* Begin PBXNativeTarget section */
		77BAA8402944B510002DEAF4 /* BasicMoviesApp */ = {
			isa = PBXNativeTarget;
			buildConfigurationList = 77BAA8552944B511002DEAF4 /* Build configuration list for PBXNativeTarget "BasicMoviesApp" */;
			buildPhases = (
				77BAA83D2944B510002DEAF4 /* Sources */,
				77BAA83E2944B510002DEAF4 /* Frameworks */,
				77BAA83F2944B510002DEAF4 /* Resources */,
			);
			buildRules = (
			);
			dependencies = (
			);
			name = BasicMoviesApp;
			productName = BasicMoviesApp;
			productReference = 77BAA8412944B510002DEAF4 /* BasicMoviesApp.app */;
			productType = "com.apple.product-type.application";
		};
/* End PBXNativeTarget section */

/* Begin PBXProject section */
		77BAA8392944B510002DEAF4 /* Project object */ = {
			isa = PBXProject;
			attributes = {
				BuildIndependentTargetsInParallel = 1;
				LastSwiftUpdateCheck = 1410;
				LastUpgradeCheck = 1410;
				TargetAttributes = {
					77BAA8402944B510002DEAF4 = {
						CreatedOnToolsVersion = 14.1;
					};
				};
			};
			buildConfigurationList = 77BAA83C2944B510002DEAF4 /* Build configuration list for PBXProject "BasicMoviesApp" */;
			compatibilityVersion = "Xcode 14.0";
			developmentRegion = en;
			hasScannedForEncodings = 0;
			knownRegions = (
				en,
				Base,
			);
			mainGroup = 77BAA8382944B510002DEAF4;
			productRefGroup = 77BAA8422944B510002DEAF4 /* Products */;
			projectDirPath = "";
			projectRoot = "";
			targets = (
				77BAA8402944B510002DEAF4 /* BasicMoviesApp */,
			);
		};
/* End PBXProject section */

/* Begin PBXResourcesBuildPhase section */
		77BAA83F2944B510002DEAF4 /* Resources */ = {
			isa = PBXResourcesBuildPhase;
			buildActionMask = 2147483647;
			files = (
				77BAA8512944B511002DEAF4 /* LaunchScreen.storyboard in Resources */,
				77BAA8762944B532002DEAF4 /* civilwar-wide.jpg in Resources */,
				77BAA8892944B532002DEAF4 /* rogueone-wide.jpg in Resources */,
				77BAA8822944B532002DEAF4 /* avengersultron-small.jpg in Resources */,
				77BAA84E2944B511002DEAF4 /* Assets.xcassets in Resources */,
				77BAA8832944B532002DEAF4 /* batmanvsuperman-wide.jpg in Resources */,
				77BAA8802944B532002DEAF4 /* legobatman-small.jpg in Resources */,
				77BAA8842944B532002DEAF4 /* legobatman-wide.jpg in Resources */,
				77BAA87D2944B532002DEAF4 /* civilwar-small.jpg in Resources */,
				77BAA8852944B532002DEAF4 /* sully-wide.jpg in Resources */,
				77BAA87A2944B532002DEAF4 /* kongskull-wide.jpg in Resources */,
				77BAA88C2944B532002DEAF4 /* suicidesquad-small.jpg in Resources */,
				77BAA88D2944B532002DEAF4 /* logan-wide.jpg in Resources */,
				77BAA8592944B527002DEAF4 /* movies.json in Resources */,
				77BAA8772944B532002DEAF4 /* kongskull-small.jpg in Resources */,
				77BAA87C2944B532002DEAF4 /* rogueone-small.jpg in Resources */,
				77BAA8862944B532002DEAF4 /* deadpool-wide.jpg in Resources */,
				77BAA88A2944B532002DEAF4 /* arrival-wide.jpg in Resources */,
				77BAA8792944B532002DEAF4 /* suicidesquad-wide.jpg in Resources */,
				77BAA8752944B532002DEAF4 /* arrival-small.jpg in Resources */,
				77BAA87F2944B532002DEAF4 /* avengersultron-wide.jpg in Resources */,
				77BAA8872944B532002DEAF4 /* doctorstrange-wide.jpg in Resources */,
				77BAA8812944B532002DEAF4 /* madmax-wide.jpg in Resources */,
				77BAA88B2944B532002DEAF4 /* madmax-small.jpg in Resources */,
				77BAA87E2944B532002DEAF4 /* logan-small.jpg in Resources */,
				77BAA88E2944B532002DEAF4 /* batmanvsuperman-small.jpg in Resources */,
				77BAA8882944B532002DEAF4 /* sully-small.jpg in Resources */,
				77BAA87B2944B532002DEAF4 /* doctorstrange-small.jpg in Resources */,
				77BAA8F92944F247002DEAF4 /* Main.storyboard in Resources */,
				77BAA8782944B532002DEAF4 /* deadpool-small.jpg in Resources */,
			);
			runOnlyForDeploymentPostprocessing = 0;
		};
/* End PBXResourcesBuildPhase section */

/* Begin PBXSourcesBuildPhase section */
		77BAA83D2944B510002DEAF4 /* Sources */ = {
			isa = PBXSourcesBuildPhase;
			buildActionMask = 2147483647;
			files = (
				77BAA8902944D38A002DEAF4 /* MoviesTableViewController.swift in Sources */,
				77BAA8492944B510002DEAF4 /* ViewController.swift in Sources */,
				77BAA8942944D99B002DEAF4 /* MovieTableViewCell.swift in Sources */,
				77BAA8452944B510002DEAF4 /* AppDelegate.swift in Sources */,
				77BAA8472944B510002DEAF4 /* SceneDelegate.swift in Sources */,
				77BAA8922944D3AA002DEAF4 /* Movie.swift in Sources */,
			);
			runOnlyForDeploymentPostprocessing = 0;
		};
/* End PBXSourcesBuildPhase section */

/* Begin PBXVariantGroup section */
		77BAA84F2944B511002DEAF4 /* LaunchScreen.storyboard */ = {
			isa = PBXVariantGroup;
			children = (
				77BAA8502944B511002DEAF4 /* Base */,
			);
			name = LaunchScreen.storyboard;
			sourceTree = "<group>";
		};
/* End PBXVariantGroup section */

/* Begin XCBuildConfiguration section */
		77BAA8532944B511002DEAF4 /* Debug */ = {
			isa = XCBuildConfiguration;
			buildSettings = {
				ALWAYS_SEARCH_USER_PATHS = NO;
				CLANG_ANALYZER_NONNULL = YES;
				CLANG_ANALYZER_NUMBER_OBJECT_CONVERSION = YES_AGGRESSIVE;
				CLANG_CXX_LANGUAGE_STANDARD = "gnu++20";
				CLANG_ENABLE_MODULES = YES;
				CLANG_ENABLE_OBJC_ARC = YES;
				CLANG_ENABLE_OBJC_WEAK = YES;
				CLANG_WARN_BLOCK_CAPTURE_AUTORELEASING = YES;
				CLANG_WARN_BOOL_CONVERSION = YES;
				CLANG_WARN_COMMA = YES;
				CLANG_WARN_CONSTANT_CONVERSION = YES;
				CLANG_WARN_DEPRECATED_OBJC_IMPLEMENTATIONS = YES;
				CLANG_WARN_DIRECT_OBJC_ISA_USAGE = YES_ERROR;
				CLANG_WARN_DOCUMENTATION_COMMENTS = YES;
				CLANG_WARN_EMPTY_BODY = YES;
				CLANG_WARN_ENUM_CONVERSION = YES;
				CLANG_WARN_INFINITE_RECURSION = YES;
				CLANG_WARN_INT_CONVERSION = YES;
				CLANG_WARN_NON_LITERAL_NULL_CONVERSION = YES;
				CLANG_WARN_OBJC_IMPLICIT_RETAIN_SELF = YES;
				CLANG_WARN_OBJC_LITERAL_CONVERSION = YES;
				CLANG_WARN_OBJC_ROOT_CLASS = YES_ERROR;
				CLANG_WARN_QUOTED_INCLUDE_IN_FRAMEWORK_HEADER = YES;
				CLANG_WARN_RANGE_LOOP_ANALYSIS = YES;
				CLANG_WARN_STRICT_PROTOTYPES = YES;
				CLANG_WARN_SUSPICIOUS_MOVE = YES;
				CLANG_WARN_UNGUARDED_AVAILABILITY = YES_AGGRESSIVE;
				CLANG_WARN_UNREACHABLE_CODE = YES;
				CLANG_WARN__DUPLICATE_METHOD_MATCH = YES;
				COPY_PHASE_STRIP = NO;
				DEBUG_INFORMATION_FORMAT = dwarf;
				ENABLE_STRICT_OBJC_MSGSEND = YES;
				ENABLE_TESTABILITY = YES;
				GCC_C_LANGUAGE_STANDARD = gnu11;
				GCC_DYNAMIC_NO_PIC = NO;
				GCC_NO_COMMON_BLOCKS = YES;
				GCC_OPTIMIZATION_LEVEL = 0;
				GCC_PREPROCESSOR_DEFINITIONS = (
					"DEBUG=1",
					"$(inherited)",
				);
				GCC_WARN_64_TO_32_BIT_CONVERSION = YES;
				GCC_WARN_ABOUT_RETURN_TYPE = YES_ERROR;
				GCC_WARN_UNDECLARED_SELECTOR = YES;
				GCC_WARN_UNINITIALIZED_AUTOS = YES_AGGRESSIVE;
				GCC_WARN_UNUSED_FUNCTION = YES;
				GCC_WARN_UNUSED_VARIABLE = YES;
				IPHONEOS_DEPLOYMENT_TARGET = 16.1;
				MTL_ENABLE_DEBUG_INFO = INCLUDE_SOURCE;
				MTL_FAST_MATH = YES;
				ONLY_ACTIVE_ARCH = YES;
				SDKROOT = iphoneos;
				SWIFT_ACTIVE_COMPILATION_CONDITIONS = DEBUG;
				SWIFT_OPTIMIZATION_LEVEL = "-Onone";
			};
			name = Debug;
		};
		77BAA8542944B511002DEAF4 /* Release */ = {
			isa = XCBuildConfiguration;
			buildSettings = {
				ALWAYS_SEARCH_USER_PATHS = NO;
				CLANG_ANALYZER_NONNULL = YES;
				CLANG_ANALYZER_NUMBER_OBJECT_CONVERSION = YES_AGGRESSIVE;
				CLANG_CXX_LANGUAGE_STANDARD = "gnu++20";
				CLANG_ENABLE_MODULES = YES;
				CLANG_ENABLE_OBJC_ARC = YES;
				CLANG_ENABLE_OBJC_WEAK = YES;
				CLANG_WARN_BLOCK_CAPTURE_AUTORELEASING = YES;
				CLANG_WARN_BOOL_CONVERSION = YES;
				CLANG_WARN_COMMA = YES;
				CLANG_WARN_CONSTANT_CONVERSION = YES;
				CLANG_WARN_DEPRECATED_OBJC_IMPLEMENTATIONS = YES;
				CLANG_WARN_DIRECT_OBJC_ISA_USAGE = YES_ERROR;
				CLANG_WARN_DOCUMENTATION_COMMENTS = YES;
				CLANG_WARN_EMPTY_BODY = YES;
				CLANG_WARN_ENUM_CONVERSION = YES;
				CLANG_WARN_INFINITE_RECURSION = YES;
				CLANG_WARN_INT_CONVERSION = YES;
				CLANG_WARN_NON_LITERAL_NULL_CONVERSION = YES;
				CLANG_WARN_OBJC_IMPLICIT_RETAIN_SELF = YES;
				CLANG_WARN_OBJC_LITERAL_CONVERSION = YES;
				CLANG_WARN_OBJC_ROOT_CLASS = YES_ERROR;
				CLANG_WARN_QUOTED_INCLUDE_IN_FRAMEWORK_HEADER = YES;
				CLANG_WARN_RANGE_LOOP_ANALYSIS = YES;
				CLANG_WARN_STRICT_PROTOTYPES = YES;
				CLANG_WARN_SUSPICIOUS_MOVE = YES;
				CLANG_WARN_UNGUARDED_AVAILABILITY = YES_AGGRESSIVE;
				CLANG_WARN_UNREACHABLE_CODE = YES;
				CLANG_WARN__DUPLICATE_METHOD_MATCH = YES;
				COPY_PHASE_STRIP = NO;
				DEBUG_INFORMATION_FORMAT = "dwarf-with-dsym";
				ENABLE_NS_ASSERTIONS = NO;
				ENABLE_STRICT_OBJC_MSGSEND = YES;
				GCC_C_LANGUAGE_STANDARD = gnu11;
				GCC_NO_COMMON_BLOCKS = YES;
				GCC_WARN_64_TO_32_BIT_CONVERSION = YES;
				GCC_WARN_ABOUT_RETURN_TYPE = YES_ERROR;
				GCC_WARN_UNDECLARED_SELECTOR = YES;
				GCC_WARN_UNINITIALIZED_AUTOS = YES_AGGRESSIVE;
				GCC_WARN_UNUSED_FUNCTION = YES;
				GCC_WARN_UNUSED_VARIABLE = YES;
				IPHONEOS_DEPLOYMENT_TARGET = 16.1;
				MTL_ENABLE_DEBUG_INFO = NO;
				MTL_FAST_MATH = YES;
				SDKROOT = iphoneos;
				SWIFT_COMPILATION_MODE = wholemodule;
				SWIFT_OPTIMIZATION_LEVEL = "-O";
				VALIDATE_PRODUCT = YES;
			};
			name = Release;
		};
		77BAA8562944B511002DEAF4 /* Debug */ = {
			isa = XCBuildConfiguration;
			buildSettings = {
				ASSETCATALOG_COMPILER_APPICON_NAME = AppIcon;
				ASSETCATALOG_COMPILER_GLOBAL_ACCENT_COLOR_NAME = AccentColor;
				CODE_SIGN_STYLE = Automatic;
				CURRENT_PROJECT_VERSION = 1;
				DEVELOPMENT_TEAM = 974S3LQS3W;
				GENERATE_INFOPLIST_FILE = YES;
				INFOPLIST_FILE = BasicMoviesApp/Info.plist;
				INFOPLIST_KEY_UIApplicationSupportsIndirectInputEvents = YES;
				INFOPLIST_KEY_UILaunchStoryboardName = LaunchScreen;
				INFOPLIST_KEY_UIMainStoryboardFile = Main;
				INFOPLIST_KEY_UISupportedInterfaceOrientations_iPad = "UIInterfaceOrientationPortrait UIInterfaceOrientationPortraitUpsideDown UIInterfaceOrientationLandscapeLeft UIInterfaceOrientationLandscapeRight";
				INFOPLIST_KEY_UISupportedInterfaceOrientations_iPhone = "UIInterfaceOrientationPortrait UIInterfaceOrientationLandscapeLeft UIInterfaceOrientationLandscapeRight";
				LD_RUNPATH_SEARCH_PATHS = (
					"$(inherited)",
					"@executable_path/Frameworks",
				);
				MARKETING_VERSION = 1.0;
				PRODUCT_BUNDLE_IDENTIFIER = com.kemalaslan.BasicMoviesApp;
				PRODUCT_NAME = "$(TARGET_NAME)";
				SWIFT_EMIT_LOC_STRINGS = YES;
				SWIFT_VERSION = 5.0;
				TARGETED_DEVICE_FAMILY = "1,2";
			};
			name = Debug;
		};
		77BAA8572944B511002DEAF4 /* Release */ = {
			isa = XCBuildConfiguration;
			buildSettings = {
				ASSETCATALOG_COMPILER_APPICON_NAME = AppIcon;
				ASSETCATALOG_COMPILER_GLOBAL_ACCENT_COLOR_NAME = AccentColor;
				CODE_SIGN_STYLE = Automatic;
				CURRENT_PROJECT_VERSION = 1;
				DEVELOPMENT_TEAM = 974S3LQS3W;
				GENERATE_INFOPLIST_FILE = YES;
				INFOPLIST_FILE = BasicMoviesApp/Info.plist;
				INFOPLIST_KEY_UIApplicationSupportsIndirectInputEvents = YES;
				INFOPLIST_KEY_UILaunchStoryboardName = LaunchScreen;
				INFOPLIST_KEY_UIMainStoryboardFile = Main;
				INFOPLIST_KEY_UISupportedInterfaceOrientations_iPad = "UIInterfaceOrientationPortrait UIInterfaceOrientationPortraitUpsideDown UIInterfaceOrientationLandscapeLeft UIInterfaceOrientationLandscapeRight";
				INFOPLIST_KEY_UISupportedInterfaceOrientations_iPhone = "UIInterfaceOrientationPortrait UIInterfaceOrientationLandscapeLeft UIInterfaceOrientationLandscapeRight";
				LD_RUNPATH_SEARCH_PATHS = (
					"$(inherited)",
					"@executable_path/Frameworks",
				);
				MARKETING_VERSION = 1.0;
				PRODUCT_BUNDLE_IDENTIFIER = com.kemalaslan.BasicMoviesApp;
				PRODUCT_NAME = "$(TARGET_NAME)";
				SWIFT_EMIT_LOC_STRINGS = YES;
				SWIFT_VERSION = 5.0;
				TARGETED_DEVICE_FAMILY = "1,2";
			};
			name = Release;
		};
/* End XCBuildConfiguration section */

/* Begin XCConfigurationList section */
		77BAA83C2944B510002DEAF4 /* Build configuration list for PBXProject "BasicMoviesApp" */ = {
			isa = XCConfigurationList;
			buildConfigurations = (
				77BAA8532944B511002DEAF4 /* Debug */,
				77BAA8542944B511002DEAF4 /* Release */,
			);
			defaultConfigurationIsVisible = 0;
			defaultConfigurationName = Release;
		};
		77BAA8552944B511002DEAF4 /* Build configuration list for PBXNativeTarget "BasicMoviesApp" */ = {
			isa = XCConfigurationList;
			buildConfigurations = (
				77BAA8562944B511002DEAF4 /* Debug */,
				77BAA8572944B511002DEAF4 /* Release */,
			);
			defaultConfigurationIsVisible = 0;
			defaultConfigurationName = Release;
		};
/* End XCConfigurationList section */
	};
	rootObject = 77BAA8392944B510002DEAF4 /* Project object */;
}
